// !$*UTF8*$!
{
	archiveVersion = 1;
	classes = {
	};
	objectVersion = 50;
	objects = {

/* Begin PBXBuildFile section */
		8ECA6EBB21AFC2720069034B /* AppDelegate.m in Sources */ = {isa = PBXBuildFile; fileRef = 8ECA6EBA21AFC2720069034B /* AppDelegate.m */; };
		8ECA6EBE21AFC2720069034B /* ViewController.m in Sources */ = {isa = PBXBuildFile; fileRef = 8ECA6EBD21AFC2720069034B /* ViewController.m */; };
		8ECA6EC121AFC2720069034B /* Main.storyboard in Resources */ = {isa = PBXBuildFile; fileRef = 8ECA6EBF21AFC2720069034B /* Main.storyboard */; };
		8ECA6EC321AFC2730069034B /* Assets.xcassets in Resources */ = {isa = PBXBuildFile; fileRef = 8ECA6EC221AFC2730069034B /* Assets.xcassets */; };
		8ECA6EC621AFC2730069034B /* LaunchScreen.storyboard in Resources */ = {isa = PBXBuildFile; fileRef = 8ECA6EC421AFC2730069034B /* LaunchScreen.storyboard */; };
		8ECA6EC921AFC2730069034B /* main.m in Sources */ = {isa = PBXBuildFile; fileRef = 8ECA6EC821AFC2730069034B /* main.m */; };
		8ECA6ED121AFC2C80069034B /* BZSectorProgressView.m in Sources */ = {isa = PBXBuildFile; fileRef = 8ECA6ED021AFC2C80069034B /* BZSectorProgressView.m */; };
/* End PBXBuildFile section */

/* Begin PBXFileReference section */
		8ECA6EB621AFC2720069034B /* SectorProgressView.app */ = {isa = PBXFileReference; explicitFileType = wrapper.application; includeInIndex = 0; path = SectorProgressView.app; sourceTree = BUILT_PRODUCTS_DIR; };
		8ECA6EB921AFC2720069034B /* AppDelegate.h */ = {isa = PBXFileReference; lastKnownFileType = sourcecode.c.h; path = AppDelegate.h; sourceTree = "<group>"; };
		8ECA6EBA21AFC2720069034B /* AppDelegate.m */ = {isa = PBXFileReference; lastKnownFileType = sourcecode.c.objc; path = AppDelegate.m; sourceTree = "<group>"; };
		8ECA6EBC21AFC2720069034B /* ViewController.h */ = {isa = PBXFileReference; lastKnownFileType = sourcecode.c.h; path = ViewController.h; sourceTree = "<group>"; };
		8ECA6EBD21AFC2720069034B /* ViewController.m */ = {isa = PBXFileReference; lastKnownFileType = sourcecode.c.objc; path = ViewController.m; sourceTree = "<group>"; };
		8ECA6EC021AFC2720069034B /* Base */ = {isa = PBXFileReference; lastKnownFileType = file.storyboard; name = Base; path = Base.lproj/Main.storyboard; sourceTree = "<group>"; };
		8ECA6EC221AFC2730069034B /* Assets.xcassets */ = {isa = PBXFileReference; lastKnownFileType = folder.assetcatalog; path = Assets.xcassets; sourceTree = "<group>"; };
		8ECA6EC521AFC2730069034B /* Base */ = {isa = PBXFileReference; lastKnownFileType = file.storyboard; name = Base; path = Base.lproj/LaunchScreen.storyboard; sourceTree = "<group>"; };
		8ECA6EC721AFC2730069034B /* Info.plist */ = {isa = PBXFileReference; lastKnownFileType = text.plist.xml; path = Info.plist; sourceTree = "<group>"; };
		8ECA6EC821AFC2730069034B /* main.m */ = {isa = PBXFileReference; lastKnownFileType = sourcecode.c.objc; path = main.m; sourceTree = "<group>"; };
		8ECA6ECF21AFC2C80069034B /* BZSectorProgressView.h */ = {isa = PBXFileReference; lastKnownFileType = sourcecode.c.h; path = BZSectorProgressView.h; sourceTree = "<group>"; };
		8ECA6ED021AFC2C80069034B /* BZSectorProgressView.m */ = {isa = PBXFileReference; lastKnownFileType = sourcecode.c.objc; path = BZSectorProgressView.m; sourceTree = "<group>"; };
/* End PBXFileReference section */

/* Begin PBXFrameworksBuildPhase section */
		8ECA6EB321AFC2720069034B /* Frameworks */ = {
			isa = PBXFrameworksBuildPhase;
			buildActionMask = 2147483647;
			files = (
			);
			runOnlyForDeploymentPostprocessing = 0;
		};
/* End PBXFrameworksBuildPhase section */

/* Begin PBXGroup section */
		8ECA6EAD21AFC2720069034B = {
			isa = PBXGroup;
			children = (
				8ECA6EB821AFC2720069034B /* SectorProgressView */,
				8ECA6EB721AFC2720069034B /* Products */,
			);
			sourceTree = "<group>";
		};
		8ECA6EB721AFC2720069034B /* Products */ = {
			isa = PBXGroup;
			children = (
				8ECA6EB621AFC2720069034B /* SectorProgressView.app */,
			);
			name = Products;
			sourceTree = "<group>";
		};
		8ECA6EB821AFC2720069034B /* SectorProgressView */ = {
			isa = PBXGroup;
			children = (
				8ECA6EB921AFC2720069034B /* AppDelegate.h */,
				8ECA6EBA21AFC2720069034B /* AppDelegate.m */,
				8ECA6EBC21AFC2720069034B /* ViewController.h */,
				8ECA6EBD21AFC2720069034B /* ViewController.m */,
				8ECA6ECF21AFC2C80069034B /* BZSectorProgressView.h */,
				8ECA6ED021AFC2C80069034B /* BZSectorProgressView.m */,
				8ECA6EBF21AFC2720069034B /* Main.storyboard */,
				8ECA6EC221AFC2730069034B /* Assets.xcassets */,
				8ECA6EC421AFC2730069034B /* LaunchScreen.storyboard */,
				8ECA6EC721AFC2730069034B /* Info.plist */,
				8ECA6EC821AFC2730069034B /* main.m */,
			);
			path = SectorProgressView;
			sourceTree = "<group>";
		};
/* End PBXGroup section */

/* Begin PBXNativeTarget section */
		8ECA6EB521AFC2720069034B /* SectorProgressView */ = {
			isa = PBXNativeTarget;
			buildConfigurationList = 8ECA6ECC21AFC2730069034B /* Build configuration list for PBXNativeTarget "SectorProgressView" */;
			buildPhases = (
				8ECA6EB221AFC2720069034B /* Sources */,
				8ECA6EB321AFC2720069034B /* Frameworks */,
				8ECA6EB421AFC2720069034B /* Resources */,
			);
			buildRules = (
			);
			dependencies = (
			);
			name = SectorProgressView;
			productName = SectorProgressView;
			productReference = 8ECA6EB621AFC2720069034B /* SectorProgressView.app */;
			productType = "com.apple.product-type.application";
		};
/* End PBXNativeTarget section */

/* Begin PBXProject section */
		8ECA6EAE21AFC2720069034B /* Project object */ = {
			isa = PBXProject;
			attributes = {
				LastUpgradeCheck = 1010;
				ORGANIZATIONNAME = caishilin;
				TargetAttributes = {
					8ECA6EB521AFC2720069034B = {
						CreatedOnToolsVersion = 10.1;
					};
				};
			};
			buildConfigurationList = 8ECA6EB121AFC2720069034B /* Build configuration list for PBXProject "SectorProgressView" */;
			compatibilityVersion = "Xcode 9.3";
			developmentRegion = en;
			hasScannedForEncodings = 0;
			knownRegions = (
				en,
				Base,
			);
			mainGroup = 8ECA6EAD21AFC2720069034B;
			productRefGroup = 8ECA6EB721AFC2720069034B /* Products */;
			projectDirPath = "";
			projectRoot = "";
			targets = (
				8ECA6EB521AFC2720069034B /* SectorProgressView */,
			);
		};
/* End PBXProject section */

/* Begin PBXResourcesBuildPhase section */
		8ECA6EB421AFC2720069034B /* Resources */ = {
			isa = PBXResourcesBuildPhase;
			buildActionMask = 2147483647;
			files = (
				8ECA6EC621AFC2730069034B /* LaunchScreen.storyboard in Resources */,
				8ECA6EC321AFC2730069034B /* Assets.xcassets in Resources */,
				8ECA6EC121AFC2720069034B /* Main.storyboard in Resources */,
			);
			runOnlyForDeploymentPostprocessing = 0;
		};
/* End PBXResourcesBuildPhase section */

/* Begin PBXSourcesBuildPhase section */
		8ECA6EB221AFC2720069034B /* Sources */ = {
			isa = PBXSourcesBuildPhase;
			buildActionMask = 2147483647;
			files = (
				8ECA6EBE21AFC2720069034B /* ViewController.m in Sources */,
				8ECA6ED121AFC2C80069034B /* BZSectorProgressView.m in Sources */,
				8ECA6EC921AFC2730069034B /* main.m in Sources */,
				8ECA6EBB21AFC2720069034B /* AppDelegate.m in Sources */,
			);
			runOnlyForDeploymentPostprocessing = 0;
		};
/* End PBXSourcesBuildPhase section */

/* Begin PBXVariantGroup section */
		8ECA6EBF21AFC2720069034B /* Main.storyboard */ = {
			isa = PBXVariantGroup;
			children = (
				8ECA6EC021AFC2720069034B /* Base */,
			);
			name = Main.storyboard;
			sourceTree = "<group>";
		};
		8ECA6EC421AFC2730069034B /* LaunchScreen.storyboard */ = {
			isa = PBXVariantGroup;
			children = (
				8ECA6EC521AFC2730069034B /* Base */,
			);
			name = LaunchScreen.storyboard;
			sourceTree = "<group>";
		};
/* End PBXVariantGroup section */

/* Begin XCBuildConfiguration section */
		8ECA6ECA21AFC2730069034B /* Debug */ = {
			isa = XCBuildConfiguration;
			buildSettings = {
				ALWAYS_SEARCH_USER_PATHS = NO;
				CLANG_ANALYZER_NONNULL = YES;
				CLANG_ANALYZER_NUMBER_OBJECT_CONVERSION = YES_AGGRESSIVE;
				CLANG_CXX_LANGUAGE_STANDARD = "gnu++14";
				CLANG_CXX_LIBRARY = "libc++";
				CLANG_ENABLE_MODULES = YES;
				CLANG_ENABLE_OBJC_ARC = YES;
				CLANG_ENABLE_OBJC_WEAK = YES;
				CLANG_WARN_BLOCK_CAPTURE_AUTORELEASING = YES;
				CLANG_WARN_BOOL_CONVERSION = YES;
				CLANG_WARN_COMMA = YES;
				CLANG_WARN_CONSTANT_CONVERSION = YES;
				CLANG_WARN_DEPRECATED_OBJC_IMPLEMENTATIONS = YES;
				CLANG_WARN_DIRECT_OBJC_ISA_USAGE = YES_ERROR;
				CLANG_WARN_DOCUMENTATION_COMMENTS = YES;
				CLANG_WARN_EMPTY_BODY = YES;
				CLANG_WARN_ENUM_CONVERSION = YES;
				CLANG_WARN_INFINITE_RECURSION = YES;
				CLANG_WARN_INT_CONVERSION = YES;
				CLANG_WARN_NON_LITERAL_NULL_CONVERSION = YES;
				CLANG_WARN_OBJC_IMPLICIT_RETAIN_SELF = YES;
				CLANG_WARN_OBJC_LITERAL_CONVERSION = YES;
				CLANG_WARN_OBJC_ROOT_CLASS = YES_ERROR;
				CLANG_WARN_RANGE_LOOP_ANALYSIS = YES;
				CLANG_WARN_STRICT_PROTOTYPES = YES;
				CLANG_WARN_SUSPICIOUS_MOVE = YES;
				CLANG_WARN_UNGUARDED_AVAILABILITY = YES_AGGRESSIVE;
				CLANG_WARN_UNREACHABLE_CODE = YES;
				CLANG_WARN__DUPLICATE_METHOD_MATCH = YES;
				CODE_SIGN_IDENTITY = "iPhone Developer";
				COPY_PHASE_STRIP = NO;
				DEBUG_INFORMATION_FORMAT = dwarf;
				ENABLE_STRICT_OBJC_MSGSEND = YES;
				ENABLE_TESTABILITY = YES;
				GCC_C_LANGUAGE_STANDARD = gnu11;
				GCC_DYNAMIC_NO_PIC = NO;
				GCC_NO_COMMON_BLOCKS = YES;
				GCC_OPTIMIZATION_LEVEL = 0;
				GCC_PREPROCESSOR_DEFINITIONS = (
					"DEBUG=1",
					"$(inherited)",
				);
				GCC_WARN_64_TO_32_BIT_CONVERSION = YES;
				GCC_WARN_ABOUT_RETURN_TYPE = YES_ERROR;
				GCC_WARN_UNDECLARED_SELECTOR = YES;
				GCC_WARN_UNINITIALIZED_AUTOS = YES_AGGRESSIVE;
				GCC_WARN_UNUSED_FUNCTION = YES;
				GCC_WARN_UNUSED_VARIABLE = YES;
				IPHONEOS_DEPLOYMENT_TARGET = 12.1;
				MTL_ENABLE_DEBUG_INFO = INCLUDE_SOURCE;
				MTL_FAST_MATH = YES;
				ONLY_ACTIVE_ARCH = YES;
				SDKROOT = iphoneos;
			};
			name = Debug;
		};
		8ECA6ECB21AFC2730069034B /* Release */ = {
			isa = XCBuildConfiguration;
			buildSettings = {
				ALWAYS_SEARCH_USER_PATHS = NO;
				CLANG_ANALYZER_NONNULL = YES;
				CLANG_ANALYZER_NUMBER_OBJECT_CONVERSION = YES_AGGRESSIVE;
				CLANG_CXX_LANGUAGE_STANDARD = "gnu++14";
				CLANG_CXX_LIBRARY = "libc++";
				CLANG_ENABLE_MODULES = YES;
				CLANG_ENABLE_OBJC_ARC = YES;
				CLANG_ENABLE_OBJC_WEAK = YES;
				CLANG_WARN_BLOCK_CAPTURE_AUTORELEASING = YES;
				CLANG_WARN_BOOL_CONVERSION = YES;
				CLANG_WARN_COMMA = YES;
				CLANG_WARN_CONSTANT_CONVERSION = YES;
				CLANG_WARN_DEPRECATED_OBJC_IMPLEMENTATIONS = YES;
				CLANG_WARN_DIRECT_OBJC_ISA_USAGE = YES_ERROR;
				CLANG_WARN_DOCUMENTATION_COMMENTS = YES;
				CLANG_WARN_EMPTY_BODY = YES;
				CLANG_WARN_ENUM_CONVERSION = YES;
				CLANG_WARN_INFINITE_RECURSION = YES;
				CLANG_WARN_INT_CONVERSION = YES;
				CLANG_WARN_NON_LITERAL_NULL_CONVERSION = YES;
				CLANG_WARN_OBJC_IMPLICIT_RETAIN_SELF = YES;
				CLANG_WARN_OBJC_LITERAL_CONVERSION = YES;
				CLANG_WARN_OBJC_ROOT_CLASS = YES_ERROR;
				CLANG_WARN_RANGE_LOOP_ANALYSIS = YES;
				CLANG_WARN_STRICT_PROTOTYPES = YES;
				CLANG_WARN_SUSPICIOUS_MOVE = YES;
				CLANG_WARN_UNGUARDED_AVAILABILITY = YES_AGGRESSIVE;
				CLANG_WARN_UNREACHABLE_CODE = YES;
				CLANG_WARN__DUPLICATE_METHOD_MATCH = YES;
				CODE_SIGN_IDENTITY = "iPhone Developer";
				COPY_PHASE_STRIP = NO;
				DEBUG_INFORMATION_FORMAT = "dwarf-with-dsym";
				ENABLE_NS_ASSERTIONS = NO;
				ENABLE_STRICT_OBJC_MSGSEND = YES;
				GCC_C_LANGUAGE_STANDARD = gnu11;
				GCC_NO_COMMON_BLOCKS = YES;
				GCC_WARN_64_TO_32_BIT_CONVERSION = YES;
				GCC_WARN_ABOUT_RETURN_TYPE = YES_ERROR;
				GCC_WARN_UNDECLARED_SELECTOR = YES;
				GCC_WARN_UNINITIALIZED_AUTOS = YES_AGGRESSIVE;
				GCC_WARN_UNUSED_FUNCTION = YES;
				GCC_WARN_UNUSED_VARIABLE = YES;
				IPHONEOS_DEPLOYMENT_TARGET = 12.1;
				MTL_ENABLE_DEBUG_INFO = NO;
				MTL_FAST_MATH = YES;
				SDKROOT = iphoneos;
				VALIDATE_PRODUCT = YES;
			};
			name = Release;
		};
		8ECA6ECD21AFC2730069034B /* Debug */ = {
			isa = XCBuildConfiguration;
			buildSettings = {
				ASSETCATALOG_COMPILER_APPICON_NAME = AppIcon;
				CODE_SIGN_STYLE = Automatic;
				DEVELOPMENT_TEAM = 7467638S34;
				INFOPLIST_FILE = SectorProgressView/Info.plist;
				LD_RUNPATH_SEARCH_PATHS = (
					"$(inherited)",
					"@executable_path/Frameworks",
				);
				PRODUCT_BUNDLE_IDENTIFIER = com.ssbun.www.SectorProgressView;
				PRODUCT_NAME = "$(TARGET_NAME)";
				TARGETED_DEVICE_FAMILY = "1,2";
			};
			name = Debug;
		};
		8ECA6ECE21AFC2730069034B /* Release */ = {
			isa = XCBuildConfiguration;
			buildSettings = {
				ASSETCATALOG_COMPILER_APPICON_NAME = AppIcon;
				CODE_SIGN_STYLE = Automatic;
				DEVELOPMENT_TEAM = 7467638S34;
				INFOPLIST_FILE = SectorProgressView/Info.plist;
				LD_RUNPATH_SEARCH_PATHS = (
					"$(inherited)",
					"@executable_path/Frameworks",
				);
				PRODUCT_BUNDLE_IDENTIFIER = com.ssbun.www.SectorProgressView;
				PRODUCT_NAME = "$(TARGET_NAME)";
				TARGETED_DEVICE_FAMILY = "1,2";
			};
			name = Release;
		};
/* End XCBuildConfiguration section */

/* Begin XCConfigurationList section */
		8ECA6EB121AFC2720069034B /* Build configuration list for PBXProject "SectorProgressView" */ = {
			isa = XCConfigurationList;
			buildConfigurations = (
				8ECA6ECA21AFC2730069034B /* Debug */,
				8ECA6ECB21AFC2730069034B /* Release */,
			);
			defaultConfigurationIsVisible = 0;
			defaultConfigurationName = Release;
		};
		8ECA6ECC21AFC2730069034B /* Build configuration list for PBXNativeTarget "SectorProgressView" */ = {
			isa = XCConfigurationList;
			buildConfigurations = (
				8ECA6ECD21AFC2730069034B /* Debug */,
				8ECA6ECE21AFC2730069034B /* Release */,
			);
			defaultConfigurationIsVisible = 0;
			defaultConfigurationName = Release;
		};
/* End XCConfigurationList section */
	};
	rootObject = 8ECA6EAE21AFC2720069034B /* Project object */;
}
